
Microsoft Visual Studio Solution File, Format Version 12.00
# Visual Studio Version 17
VisualStudioVersion = 17.11.35312.102
MinimumVisualStudioVersion = 10.0.40219.1
Project("{FAE04EC0-301F-11D3-BF4B-00C04F79EFBC}") = "ControllersExample", "ControllersExample\ControllersExample.csproj", "{04657191-B54F-46C5-9969-12131E675D1F}"
EndProject
Global
	GlobalSection(SolutionConfigurationPlatforms) = preSolution
		Debug|Any CPU = Debug|Any CPU
		Release|Any CPU = Release|Any CPU
	EndGlobalSection
	GlobalSection(ProjectConfigurationPlatforms) = postSolution
		{04657191-B54F-46C5-9969-12131E675D1F}.Debug|Any CPU.ActiveCfg = Debug|Any CPU
		{04657191-B54F-46C5-9969-12131E675D1F}.Debug|Any CPU.Build.0 = Debug|Any CPU
		{04657191-B54F-46C5-9969-12131E675D1F}.Release|Any CPU.ActiveCfg = Release|Any CPU
		{04657191-B54F-46C5-9969-12131E675D1F}.Release|Any CPU.Build.0 = Release|Any CPU
	EndGlobalSection
	GlobalSection(SolutionProperties) = preSolution
		HideSolutionNode = FALSE
	EndGlobalSection
	GlobalSection(ExtensibilityGlobals) = postSolution
		SolutionGuid = {A3D963BD-5687-4491-A79A-D165DFBBA227}
	EndGlobalSection
EndGlobal
