
Microsoft Visual Studio Solution File, Format Version 12.00
# Visual Studio Version 17
VisualStudioVersion = 17.11.35312.102
MinimumVisualStudioVersion = 10.0.40219.1
Project("{FAE04EC0-301F-11D3-BF4B-00C04F79EFBC}") = "EnvironmentsExample", "EnvironmentsExample\EnvironmentsExample.csproj", "{9BBD98F1-2657-4F73-B296-1CE7E260E48F}"
EndProject
Global
	GlobalSection(SolutionConfigurationPlatforms) = preSolution
		Debug|Any CPU = Debug|Any CPU
		Release|Any CPU = Release|Any CPU
	EndGlobalSection
	GlobalSection(ProjectConfigurationPlatforms) = postSolution
		{9BBD98F1-2657-4F73-B296-1CE7E260E48F}.Debug|Any CPU.ActiveCfg = Debug|Any CPU
		{9BBD98F1-2657-4F73-B296-1CE7E260E48F}.Debug|Any CPU.Build.0 = Debug|Any CPU
		{9BBD98F1-2657-4F73-B296-1CE7E260E48F}.Release|Any CPU.ActiveCfg = Release|Any CPU
		{9BBD98F1-2657-4F73-B296-1CE7E260E48F}.Release|Any CPU.Build.0 = Release|Any CPU
	EndGlobalSection
	GlobalSection(SolutionProperties) = preSolution
		HideSolutionNode = FALSE
	EndGlobalSection
	GlobalSection(ExtensibilityGlobals) = postSolution
		SolutionGuid = {84697688-7A60-49AB-978C-687E9D18C4C0}
	EndGlobalSection
EndGlobal
