
Microsoft Visual Studio Solution File, Format Version 12.00
# Visual Studio Version 17
VisualStudioVersion = 17.11.35312.102
MinimumVisualStudioVersion = 10.0.40219.1
Project("{FAE04EC0-301F-11D3-BF4B-00C04F79EFBC}") = "ModelValidationsExample", "ModelValidationsExample\ModelValidationsExample.csproj", "{B5690591-7E1F-4DD7-9B61-BAAC85C864F5}"
EndProject
Global
	GlobalSection(SolutionConfigurationPlatforms) = preSolution
		Debug|Any CPU = Debug|Any CPU
		Release|Any CPU = Release|Any CPU
	EndGlobalSection
	GlobalSection(ProjectConfigurationPlatforms) = postSolution
		{B5690591-7E1F-4DD7-9B61-BAAC85C864F5}.Debug|Any CPU.ActiveCfg = Debug|Any CPU
		{B5690591-7E1F-4DD7-9B61-BAAC85C864F5}.Debug|Any CPU.Build.0 = Debug|Any CPU
		{B5690591-7E1F-4DD7-9B61-BAAC85C864F5}.Release|Any CPU.ActiveCfg = Release|Any CPU
		{B5690591-7E1F-4DD7-9B61-BAAC85C864F5}.Release|Any CPU.Build.0 = Release|Any CPU
	EndGlobalSection
	GlobalSection(SolutionProperties) = preSolution
		HideSolutionNode = FALSE
	EndGlobalSection
	GlobalSection(ExtensibilityGlobals) = postSolution
		SolutionGuid = {37C2B500-A8CA-4E04-9206-C750176D7426}
	EndGlobalSection
EndGlobal
